
Microsoft Visual Studio Solution File, Format Version 12.00
# Visual Studio 15
Project("{2150E333-8FDC-42A3-9474-1A3956D46DE8}") = "Data Layer", "Data Layer", "{D4B4CFAF-2C10-4050-9CA8-BE92F3B509AF}"
EndProject
Project("{2150E333-8FDC-42A3-9474-1A3956D46DE8}") = "Extensions", "Extensions", "{639B007F-AE91-4236-B3E1-00DE782A13FB}"
EndProject
Project("{2150E333-8FDC-42A3-9474-1A3956D46DE8}") = "Test", "Test", "{13DB23CB-43B6-467B-8AD7-F4FCA716B526}"
EndProject
Project("{2150E333-8FDC-42A3-9474-1A3956D46DE8}") = "Domain Layer", "Domain Layer", "{2F322AA9-A311-4120-BC6E-FA62C2D1BE22}"
EndProject
Project("{2150E333-8FDC-42A3-9474-1A3956D46DE8}") = "Business", "Business", "{39B15B7F-BFEC-47CB-B7F3-609DC995A055}"
EndProject
Project("{2150E333-8FDC-42A3-9474-1A3956D46DE8}") = "Contracts", "Contracts", "{89DEB0AF-3C6C-4FE8-BB82-B8C6F59AE158}"
EndProject
Project("{2150E333-8FDC-42A3-9474-1A3956D46DE8}") = "Presentations", "Presentations", "{7C187BC9-0749-4DB7-ADC9-5EDC4AF0DA53}"
EndProject
Project("{FAE04EC0-301F-11D3-BF4B-00C04F79EFBC}") = "Mandrillus.Domain", "Mandrillus.Domain\Mandrillus.Domain.csproj", "{944B6B19-01C5-4338-B973-E9F3DDC3CF1C}"
EndProject
Project("{FAE04EC0-301F-11D3-BF4B-00C04F79EFBC}") = "Mandrillus.Contracts", "Mandrillus.Contracts\Mandrillus.Contracts.csproj", "{20CCB8A5-0BE3-4D59-992D-75C90484DDB1}"
EndProject
Project("{FAE04EC0-301F-11D3-BF4B-00C04F79EFBC}") = "Mandrillus.Data", "Mandrillus.Data\Mandrillus.Data.csproj", "{52404D6D-F15F-40C5-8828-6FE2BD398738}"
EndProject
Project("{FAE04EC0-301F-11D3-BF4B-00C04F79EFBC}") = "Mandrillus.Client.Test", "Mandrillus.Client.Test\Mandrillus.Client.Test.csproj", "{0C7FF45F-9EE6-4213-A8CE-5F5CE30C81EF}"
EndProject
Project("{FAE04EC0-301F-11D3-BF4B-00C04F79EFBC}") = "Mandrillus.Logics", "Mandrillus.Logics\Mandrillus.Logics.csproj", "{33DC9918-0E05-4432-997A-561B1CB3C60F}"
EndProject
Project("{FAE04EC0-301F-11D3-BF4B-00C04F79EFBC}") = "Mandrillus.Web.Client", "Mandrillus.Web.Client\Mandrillus.Web.Client.csproj", "{5052E3D3-D680-454F-9A6B-A7BDD06F14EC}"
EndProject
Project("{FAE04EC0-301F-11D3-BF4B-00C04F79EFBC}") = "Mandrillus.Business.Api", "Mandrillus.Logics\Mandrillus.Business.Api\Mandrillus.Business.Api.csproj", "{5A0F37EC-AEBA-4E20-ACE6-F80CD5427A88}"
EndProject
Project("{FAE04EC0-301F-11D3-BF4B-00C04F79EFBC}") = "Mandrillus.Presentation.Client", "Mandrillus.Web.Client\Mandrillus.Presentation.Client\Mandrillus.Presentation.Client.csproj", "{9D6348D8-5A7A-4233-900B-B0D6AF8225D3}"
EndProject
Project("{FAE04EC0-301F-11D3-BF4B-00C04F79EFBC}") = "Mandrillus.Clients.Test", "Mandrillus.Client.Test\Mandrillus.Clients.Test\Mandrillus.Clients.Test.csproj", "{B1E83A47-2455-4A2A-BBEF-EC4B8F62EC1B}"
EndProject
Global
	GlobalSection(SolutionConfigurationPlatforms) = preSolution
		Debug|Any CPU = Debug|Any CPU
		Release|Any CPU = Release|Any CPU
	EndGlobalSection
	GlobalSection(ProjectConfigurationPlatforms) = postSolution
		{944B6B19-01C5-4338-B973-E9F3DDC3CF1C}.Debug|Any CPU.ActiveCfg = Debug|Any CPU
		{944B6B19-01C5-4338-B973-E9F3DDC3CF1C}.Debug|Any CPU.Build.0 = Debug|Any CPU
		{944B6B19-01C5-4338-B973-E9F3DDC3CF1C}.Release|Any CPU.ActiveCfg = Release|Any CPU
		{944B6B19-01C5-4338-B973-E9F3DDC3CF1C}.Release|Any CPU.Build.0 = Release|Any CPU
		{20CCB8A5-0BE3-4D59-992D-75C90484DDB1}.Debug|Any CPU.ActiveCfg = Debug|Any CPU
		{20CCB8A5-0BE3-4D59-992D-75C90484DDB1}.Debug|Any CPU.Build.0 = Debug|Any CPU
		{20CCB8A5-0BE3-4D59-992D-75C90484DDB1}.Release|Any CPU.ActiveCfg = Release|Any CPU
		{20CCB8A5-0BE3-4D59-992D-75C90484DDB1}.Release|Any CPU.Build.0 = Release|Any CPU
		{52404D6D-F15F-40C5-8828-6FE2BD398738}.Debug|Any CPU.ActiveCfg = Debug|Any CPU
		{52404D6D-F15F-40C5-8828-6FE2BD398738}.Debug|Any CPU.Build.0 = Debug|Any CPU
		{52404D6D-F15F-40C5-8828-6FE2BD398738}.Release|Any CPU.ActiveCfg = Release|Any CPU
		{52404D6D-F15F-40C5-8828-6FE2BD398738}.Release|Any CPU.Build.0 = Release|Any CPU
		{0C7FF45F-9EE6-4213-A8CE-5F5CE30C81EF}.Debug|Any CPU.ActiveCfg = Debug|Any CPU
		{0C7FF45F-9EE6-4213-A8CE-5F5CE30C81EF}.Debug|Any CPU.Build.0 = Debug|Any CPU
		{0C7FF45F-9EE6-4213-A8CE-5F5CE30C81EF}.Release|Any CPU.ActiveCfg = Release|Any CPU
		{0C7FF45F-9EE6-4213-A8CE-5F5CE30C81EF}.Release|Any CPU.Build.0 = Release|Any CPU
		{33DC9918-0E05-4432-997A-561B1CB3C60F}.Debug|Any CPU.ActiveCfg = Debug|Any CPU
		{33DC9918-0E05-4432-997A-561B1CB3C60F}.Debug|Any CPU.Build.0 = Debug|Any CPU
		{33DC9918-0E05-4432-997A-561B1CB3C60F}.Release|Any CPU.ActiveCfg = Release|Any CPU
		{33DC9918-0E05-4432-997A-561B1CB3C60F}.Release|Any CPU.Build.0 = Release|Any CPU
		{5052E3D3-D680-454F-9A6B-A7BDD06F14EC}.Debug|Any CPU.ActiveCfg = Debug|Any CPU
		{5052E3D3-D680-454F-9A6B-A7BDD06F14EC}.Debug|Any CPU.Build.0 = Debug|Any CPU
		{5052E3D3-D680-454F-9A6B-A7BDD06F14EC}.Release|Any CPU.ActiveCfg = Release|Any CPU
		{5052E3D3-D680-454F-9A6B-A7BDD06F14EC}.Release|Any CPU.Build.0 = Release|Any CPU
		{5A0F37EC-AEBA-4E20-ACE6-F80CD5427A88}.Debug|Any CPU.ActiveCfg = Debug|Any CPU
		{5A0F37EC-AEBA-4E20-ACE6-F80CD5427A88}.Debug|Any CPU.Build.0 = Debug|Any CPU
		{5A0F37EC-AEBA-4E20-ACE6-F80CD5427A88}.Release|Any CPU.ActiveCfg = Release|Any CPU
		{5A0F37EC-AEBA-4E20-ACE6-F80CD5427A88}.Release|Any CPU.Build.0 = Release|Any CPU
		{9D6348D8-5A7A-4233-900B-B0D6AF8225D3}.Debug|Any CPU.ActiveCfg = Debug|Any CPU
		{9D6348D8-5A7A-4233-900B-B0D6AF8225D3}.Debug|Any CPU.Build.0 = Debug|Any CPU
		{9D6348D8-5A7A-4233-900B-B0D6AF8225D3}.Release|Any CPU.ActiveCfg = Release|Any CPU
		{9D6348D8-5A7A-4233-900B-B0D6AF8225D3}.Release|Any CPU.Build.0 = Release|Any CPU
		{B1E83A47-2455-4A2A-BBEF-EC4B8F62EC1B}.Debug|Any CPU.ActiveCfg = Debug|Any CPU
		{B1E83A47-2455-4A2A-BBEF-EC4B8F62EC1B}.Debug|Any CPU.Build.0 = Debug|Any CPU
		{B1E83A47-2455-4A2A-BBEF-EC4B8F62EC1B}.Release|Any CPU.ActiveCfg = Release|Any CPU
		{B1E83A47-2455-4A2A-BBEF-EC4B8F62EC1B}.Release|Any CPU.Build.0 = Release|Any CPU
	EndGlobalSection
	GlobalSection(NestedProjects) = preSolution
		{944B6B19-01C5-4338-B973-E9F3DDC3CF1C} = {2F322AA9-A311-4120-BC6E-FA62C2D1BE22}
		{20CCB8A5-0BE3-4D59-992D-75C90484DDB1} = {89DEB0AF-3C6C-4FE8-BB82-B8C6F59AE158}
		{52404D6D-F15F-40C5-8828-6FE2BD398738} = {D4B4CFAF-2C10-4050-9CA8-BE92F3B509AF}
		{0C7FF45F-9EE6-4213-A8CE-5F5CE30C81EF} = {13DB23CB-43B6-467B-8AD7-F4FCA716B526}
		{33DC9918-0E05-4432-997A-561B1CB3C60F} = {39B15B7F-BFEC-47CB-B7F3-609DC995A055}
		{5052E3D3-D680-454F-9A6B-A7BDD06F14EC} = {7C187BC9-0749-4DB7-ADC9-5EDC4AF0DA53}
		{5A0F37EC-AEBA-4E20-ACE6-F80CD5427A88} = {39B15B7F-BFEC-47CB-B7F3-609DC995A055}
		{9D6348D8-5A7A-4233-900B-B0D6AF8225D3} = {7C187BC9-0749-4DB7-ADC9-5EDC4AF0DA53}
		{B1E83A47-2455-4A2A-BBEF-EC4B8F62EC1B} = {13DB23CB-43B6-467B-8AD7-F4FCA716B526}
	EndGlobalSection
	GlobalSection(MonoDevelopProperties) = preSolution
		Policies = $0
		$0.DotNetNamingPolicy = $1
		$1.DirectoryNamespaceAssociation = PrefixedHierarchical
		$0.StandardHeader = $2
		$0.VersionControlPolicy = $3
		description = An e-Commerce application using the latest .NET Core edition with Visual Studio for Mac 2019 Preview
	EndGlobalSection
EndGlobal
